github.com/smm-h/go-toml-edit v0.1.2 h1:dhq+zXry6ETwHp7sGL8WWLhPa5aS5PT+BwSVKqQxyiA=
github.com/smm-h/go-toml-edit v0.1.2/go.mod h1:ateUuu33c4CaaB3XUQgsyuPEsIkAWRV8nahfZqpNhm4=
github.com/smm-h/strictcli/go v0.7.0 h1:VZsqlqRYwNGGz53W0WbJauvKXvTwSnLDvybMsr8s1Qo=
github.com/smm-h/strictcli/go v0.7.0/go.mod h1:HuLPjlZFo90UJryQQM009VzfGt0EOko58jUEyDxuXwM=
